{
    "_meta": {
        "hash": {
            "sha256": "3ab4b25e1a9bed74e4334196e0b7140404519d3d5c47d136aacb1f18318f5a2e"
        },
        "pipfile-spec": 6,
        "requires": {
            "python_version": "3.10"
        },
        "sources": [
            {
                "name": "pypi",
                "url": "https://pypi.org/simple",
                "verify_ssl": true
            }
        ]
    },
    "default": {
        "anyio": {
            "hashes": [
                "sha256:24adc69309fb5779bc1e06158e143e0b6d2c56b302a3ac3de3083c705a6ed39d",
                "sha256:2855a9423524abcdd652d942f8932fda1735210f77a6b392eafd9ff34d3fe020"
            ],
            "markers": "python_full_version >= '3.6.2'",
            "version": "==3.4.0"
        },
        "asgiref": {
            "hashes": [
                "sha256:4ef1ab46b484e3c706329cedeff284a5d40824200638503f5768edb6de7d58e9",
                "sha256:ffc141aa908e6f175673e7b1b3b7af4fdb0ecb738fc5c8b88f69f055c2415214"
            ],
            "markers": "python_version >= '3.6'",
            "version": "==3.4.1"
        },
        "bcrypt": {
            "hashes": [
                "sha256:5b93c1726e50a93a033c36e5ca7fdcd29a5c7395af50a6892f5d9e7c6cfbfb29",
                "sha256:63d4e3ff96188e5898779b6057878fecf3f11cfe6ec3b313ea09955d587ec7a7",
                "sha256:81fec756feff5b6818ea7ab031205e1d323d8943d237303baca2c5f9c7846f34",
                "sha256:a67fb841b35c28a59cebed05fbd3e80eea26e6d75851f0574a9273c80f3e9b55",
                "sha256:c95d4cbebffafcdd28bd28bb4e25b31c50f6da605c81ffd9ad8a3d1b2ab7b1b6",
                "sha256:cd1ea2ff3038509ea95f687256c46b79f5fc382ad0aa3664d200047546d511d1",
                "sha256:cdcdcb3972027f83fe24a48b1e90ea4b584d35f1cc279d76de6fc4b13376239d"
            ],
            "version": "==3.2.0"
        },
        "cffi": {
            "hashes": [
                "sha256:00c878c90cb53ccfaae6b8bc18ad05d2036553e6d9d1d9dbcf323bbe83854ca3",
                "sha256:0104fb5ae2391d46a4cb082abdd5c69ea4eab79d8d44eaaf79f1b1fd806ee4c2",
                "sha256:06c48159c1abed75c2e721b1715c379fa3200c7784271b3c46df01383b593636",
                "sha256:0808014eb713677ec1292301ea4c81ad277b6cdf2fdd90fd540af98c0b101d20",
                "sha256:10dffb601ccfb65262a27233ac273d552ddc4d8ae1bf93b21c94b8511bffe728",
                "sha256:14cd121ea63ecdae71efa69c15c5543a4b5fbcd0bbe2aad864baca0063cecf27",
                "sha256:17771976e82e9f94976180f76468546834d22a7cc404b17c22df2a2c81db0c66",
                "sha256:181dee03b1170ff1969489acf1c26533710231c58f95534e3edac87fff06c443",
                "sha256:23cfe892bd5dd8941608f93348c0737e369e51c100d03718f108bf1add7bd6d0",
                "sha256:263cc3d821c4ab2213cbe8cd8b355a7f72a8324577dc865ef98487c1aeee2bc7",
                "sha256:2756c88cbb94231c7a147402476be2c4df2f6078099a6f4a480d239a8817ae39",
                "sha256:27c219baf94952ae9d50ec19651a687b826792055353d07648a5695413e0c605",
                "sha256:2a23af14f408d53d5e6cd4e3d9a24ff9e05906ad574822a10563efcef137979a",
                "sha256:31fb708d9d7c3f49a60f04cf5b119aeefe5644daba1cd2a0fe389b674fd1de37",
                "sha256:3415c89f9204ee60cd09b235810be700e993e343a408693e80ce7f6a40108029",
                "sha256:3773c4d81e6e818df2efbc7dd77325ca0dcb688116050fb2b3011218eda36139",
                "sha256:3b96a311ac60a3f6be21d2572e46ce67f09abcf4d09344c49274eb9e0bf345fc",
                "sha256:3f7d084648d77af029acb79a0ff49a0ad7e9d09057a9bf46596dac9514dc07df",
                "sha256:41d45de54cd277a7878919867c0f08b0cf817605e4eb94093e7516505d3c8d14",
                "sha256:4238e6dab5d6a8ba812de994bbb0a79bddbdf80994e4ce802b6f6f3142fcc880",
                "sha256:45db3a33139e9c8f7c09234b5784a5e33d31fd6907800b316decad50af323ff2",
                "sha256:45e8636704eacc432a206ac7345a5d3d2c62d95a507ec70d62f23cd91770482a",
                "sha256:4958391dbd6249d7ad855b9ca88fae690783a6be9e86df65865058ed81fc860e",
                "sha256:4a306fa632e8f0928956a41fa8e1d6243c71e7eb59ffbd165fc0b41e316b2474",
                "sha256:57e9ac9ccc3101fac9d6014fba037473e4358ef4e89f8e181f8951a2c0162024",
                "sha256:59888172256cac5629e60e72e86598027aca6bf01fa2465bdb676d37636573e8",
                "sha256:5e069f72d497312b24fcc02073d70cb989045d1c91cbd53979366077959933e0",
                "sha256:64d4ec9f448dfe041705426000cc13e34e6e5bb13736e9fd62e34a0b0c41566e",
                "sha256:6dc2737a3674b3e344847c8686cf29e500584ccad76204efea14f451d4cc669a",
                "sha256:74fdfdbfdc48d3f47148976f49fab3251e550a8720bebc99bf1483f5bfb5db3e",
                "sha256:75e4024375654472cc27e91cbe9eaa08567f7fbdf822638be2814ce059f58032",
                "sha256:786902fb9ba7433aae840e0ed609f45c7bcd4e225ebb9c753aa39725bb3e6ad6",
                "sha256:8b6c2ea03845c9f501ed1313e78de148cd3f6cad741a75d43a29b43da27f2e1e",
                "sha256:91d77d2a782be4274da750752bb1650a97bfd8f291022b379bb8e01c66b4e96b",
                "sha256:91ec59c33514b7c7559a6acda53bbfe1b283949c34fe7440bcf917f96ac0723e",
                "sha256:920f0d66a896c2d99f0adbb391f990a84091179542c205fa53ce5787aff87954",
                "sha256:a5263e363c27b653a90078143adb3d076c1a748ec9ecc78ea2fb916f9b861962",
                "sha256:abb9a20a72ac4e0fdb50dae135ba5e77880518e742077ced47eb1499e29a443c",
                "sha256:c2051981a968d7de9dd2d7b87bcb9c939c74a34626a6e2f8181455dd49ed69e4",
                "sha256:c21c9e3896c23007803a875460fb786118f0cdd4434359577ea25eb556e34c55",
                "sha256:c2502a1a03b6312837279c8c1bd3ebedf6c12c4228ddbad40912d671ccc8a962",
                "sha256:d4d692a89c5cf08a8557fdeb329b82e7bf609aadfaed6c0d79f5a449a3c7c023",
                "sha256:da5db4e883f1ce37f55c667e5c0de439df76ac4cb55964655906306918e7363c",
                "sha256:e7022a66d9b55e93e1a845d8c9eba2a1bebd4966cd8bfc25d9cd07d515b33fa6",
                "sha256:ef1f279350da2c586a69d32fc8733092fd32cc8ac95139a00377841f59a3f8d8",
                "sha256:f54a64f8b0c8ff0b64d18aa76675262e1700f3995182267998c31ae974fbc382",
                "sha256:f5c7150ad32ba43a07c4479f40241756145a1f03b43480e058cfd862bf5041c7",
                "sha256:f6f824dc3bce0edab5f427efcfb1d63ee75b6fcb7282900ccaf925be84efb0fc",
                "sha256:fd8a250edc26254fe5b33be00402e6d287f562b6a5b2152dec302fa15bb3e997",
                "sha256:ffaa5c925128e29efbde7301d8ecaf35c8c60ffbcd6a1ffd3a552177c8e5e796"
            ],
            "version": "==1.15.0"
        },
        "click": {
            "hashes": [
                "sha256:353f466495adaeb40b6b5f592f9f91cb22372351c84caeb068132442a4518ef3",
                "sha256:410e932b050f5eed773c4cda94de75971c89cdb3155a72a0831139a79e5ecb5b"
            ],
            "markers": "python_version >= '3.6'",
            "version": "==8.0.3"
        },
        "colorama": {
            "hashes": [
                "sha256:5941b2b48a20143d2267e95b1c2a7603ce057ee39fd88e7329b0c292aa16869b",
                "sha256:9f47eda37229f68eee03b24b9748937c7dc3868f906e8ba69fbcbdd3bc5dc3e2"
            ],
            "markers": "platform_system == 'Windows'",
            "version": "==0.4.4"
        },
        "cryptography": {
            "hashes": [
                "sha256:2049f8b87f449fc6190350de443ee0c1dd631f2ce4fa99efad2984de81031681",
                "sha256:231c4a69b11f6af79c1495a0e5a85909686ea8db946935224b7825cfb53827ed",
                "sha256:24469d9d33217ffd0ce4582dfcf2a76671af115663a95328f63c99ec7ece61a4",
                "sha256:2deab5ec05d83ddcf9b0916319674d3dae88b0e7ee18f8962642d3cde0496568",
                "sha256:494106e9cd945c2cadfce5374fa44c94cfadf01d4566a3b13bb487d2e6c7959e",
                "sha256:4c702855cd3174666ef0d2d13dcc879090aa9c6c38f5578896407a7028f75b9f",
                "sha256:52f769ecb4ef39865719aedc67b4b7eae167bafa48dbc2a26dd36fa56460507f",
                "sha256:5c49c9e8fb26a567a2b3fa0343c89f5d325447956cc2fc7231c943b29a973712",
                "sha256:684993ff6f67000a56454b41bdc7e015429732d65a52d06385b6e9de6181c71e",
                "sha256:6fbbbb8aab4053fa018984bb0e95a16faeb051dd8cca15add2a27e267ba02b58",
                "sha256:8982c19bb90a4fa2aad3d635c6d71814e38b643649b4000a8419f8691f20ac44",
                "sha256:9511416e85e449fe1de73f7f99b21b3aa04fba4c4d335d30c486ba3756e3a2a6",
                "sha256:97199a13b772e74cdcdb03760c32109c808aff7cd49c29e9cf4b7754bb725d1d",
                "sha256:a776bae1629c8d7198396fd93ec0265f8dd2341c553dc32b976168aaf0e6a636",
                "sha256:aa94d617a4cd4cdf4af9b5af65100c036bce22280ebb15d8b5262e8273ebc6ba",
                "sha256:b17d83b3d1610e571fedac21b2eb36b816654d6f7496004d6a0d32f99d1d8120",
                "sha256:d73e3a96c38173e0aa5646c31bf8473bc3564837977dd480f5cbeacf1d7ef3a3",
                "sha256:d91bc9f535599bed58f6d2e21a2724cb0c3895bf41c6403fe881391d29096f1d",
                "sha256:ef216d13ac8d24d9cd851776662f75f8d29c9f2d05cdcc2d34a18d32463a9b0b",
                "sha256:f6a5a85beb33e57998dc605b9dbe7deaa806385fdf5c4810fb849fcd04640c81",
                "sha256:f92556f94e476c1b616e6daec5f7ddded2c082efa7cee7f31c7aeda615906ed8"
            ],
            "version": "==36.0.0"
        },
        "ecdsa": {
            "hashes": [
                "sha256:5cf31d5b33743abe0dfc28999036c849a69d548f994b535e527ee3cb7f3ef676",
                "sha256:b9f500bb439e4153d0330610f5d26baaf18d17b8ced1bc54410d189385ea68aa"
            ],
            "markers": "python_version >= '2.6' and python_version not in '3.0, 3.1, 3.2, 3.3'",
            "version": "==0.17.0"
        },
        "fastapi": {
            "hashes": [
                "sha256:66da43cfe5185ea1df99552acffd201f1832c6b364e0f4136c0a99f933466ced",
                "sha256:a36d5f2fad931aa3575c07a3472c784e81f3e664e3bb5c8b9c88d0ec1104f59c"
            ],
            "index": "pypi",
            "version": "==0.70.0"
        },
        "h11": {
            "hashes": [
                "sha256:36a3cb8c0a032f56e2da7084577878a035d3b61d104230d4bd49c0c6b555a9c6",
                "sha256:47222cb6067e4a307d535814917cd98fd0a57b6788ce715755fa2b6c28b56042"
            ],
            "markers": "python_version >= '3.6'",
            "version": "==0.12.0"
        },
        "idna": {
            "hashes": [
                "sha256:84d9dd047ffa80596e0f246e2eab0b391788b0503584e8945f2368256d2735ff",
                "sha256:9d643ff0a55b762d5cdb124b8eaa99c66322e2157b69160bc32796e824360e6d"
            ],
            "markers": "python_version >= '3.5'",
            "version": "==3.3"
        },
        "motor": {
            "hashes": [
                "sha256:663473f4498f955d35db7b6f25651cb165514c247136f368b84419cb7635f6b8",
                "sha256:961fdceacaae2c7236c939166f66415be81be8bbb762da528386738de3a0f509"
            ],
            "index": "pypi",
            "version": "==2.5.1"
        },
        "passlib": {
            "extras": [
                "bcrypt"
            ],
            "hashes": [
                "sha256:aa6bca462b8d8bda89c70b382f0c298a20b5560af6cbfa2dce410c0a2fb669f1",
                "sha256:defd50f72b65c5402ab2c573830a6978e5f202ad0d984793c8dde2c4152ebe04"
            ],
            "index": "pypi",
            "version": "==1.7.4"
        },
        "pyasn1": {
            "hashes": [
                "sha256:014c0e9976956a08139dc0712ae195324a75e142284d5f87f1a87ee1b068a359",
                "sha256:03840c999ba71680a131cfaee6fab142e1ed9bbd9c693e285cc6aca0d555e576",
                "sha256:0458773cfe65b153891ac249bcf1b5f8f320b7c2ce462151f8fa74de8934becf",
                "sha256:08c3c53b75eaa48d71cf8c710312316392ed40899cb34710d092e96745a358b7",
                "sha256:39c7e2ec30515947ff4e87fb6f456dfc6e84857d34be479c9d4a4ba4bf46aa5d",
                "sha256:5c9414dcfede6e441f7e8f81b43b34e834731003427e5b09e4e00e3172a10f00",
                "sha256:6e7545f1a61025a4e58bb336952c5061697da694db1cae97b116e9c46abcf7c8",
                "sha256:78fa6da68ed2727915c4767bb386ab32cdba863caa7dbe473eaae45f9959da86",
                "sha256:7ab8a544af125fb704feadb008c99a88805126fb525280b2270bb25cc1d78a12",
                "sha256:99fcc3c8d804d1bc6d9a099921e39d827026409a58f2a720dcdb89374ea0c776",
                "sha256:aef77c9fb94a3ac588e87841208bdec464471d9871bd5050a287cc9a475cd0ba",
                "sha256:e89bf84b5437b532b0803ba5c9a5e054d21fec423a89952a74f87fa2c9b7bce2",
                "sha256:fec3e9d8e36808a28efb59b489e4528c10ad0f480e57dcc32b4de5c9d8c9fdf3"
            ],
            "version": "==0.4.8"
        },
        "pycparser": {
            "hashes": [
                "sha256:8ee45429555515e1f6b185e78100aea234072576aa43ab53aefcae078162fca9",
                "sha256:e644fdec12f7872f86c58ff790da456218b10f863970249516d60a5eaca77206"
            ],
            "version": "==2.21"
        },
        "pydantic": {
            "hashes": [
                "sha256:021ea0e4133e8c824775a0cfe098677acf6fa5a3cbf9206a376eed3fc09302cd",
                "sha256:05ddfd37c1720c392f4e0d43c484217b7521558302e7069ce8d318438d297739",
                "sha256:05ef5246a7ffd2ce12a619cbb29f3307b7c4509307b1b49f456657b43529dc6f",
                "sha256:10e5622224245941efc193ad1d159887872776df7a8fd592ed746aa25d071840",
                "sha256:18b5ea242dd3e62dbf89b2b0ec9ba6c7b5abaf6af85b95a97b00279f65845a23",
                "sha256:234a6c19f1c14e25e362cb05c68afb7f183eb931dd3cd4605eafff055ebbf287",
                "sha256:244ad78eeb388a43b0c927e74d3af78008e944074b7d0f4f696ddd5b2af43c62",
                "sha256:26464e57ccaafe72b7ad156fdaa4e9b9ef051f69e175dbbb463283000c05ab7b",
                "sha256:41b542c0b3c42dc17da70554bc6f38cbc30d7066d2c2815a94499b5684582ecb",
                "sha256:4a03cbbe743e9c7247ceae6f0d8898f7a64bb65800a45cbdc52d65e370570820",
                "sha256:4be75bebf676a5f0f87937c6ddb061fa39cbea067240d98e298508c1bda6f3f3",
                "sha256:54cd5121383f4a461ff7644c7ca20c0419d58052db70d8791eacbbe31528916b",
                "sha256:589eb6cd6361e8ac341db97602eb7f354551482368a37f4fd086c0733548308e",
                "sha256:8621559dcf5afacf0069ed194278f35c255dc1a1385c28b32dd6c110fd6531b3",
                "sha256:8b223557f9510cf0bfd8b01316bf6dd281cf41826607eada99662f5e4963f316",
                "sha256:99a9fc39470010c45c161a1dc584997f1feb13f689ecf645f59bb4ba623e586b",
                "sha256:a7c6002203fe2c5a1b5cbb141bb85060cbff88c2d78eccbc72d97eb7022c43e4",
                "sha256:a83db7205f60c6a86f2c44a61791d993dff4b73135df1973ecd9eed5ea0bda20",
                "sha256:ac8eed4ca3bd3aadc58a13c2aa93cd8a884bcf21cb019f8cfecaae3b6ce3746e",
                "sha256:e710876437bc07bd414ff453ac8ec63d219e7690128d925c6e82889d674bb505",
                "sha256:ea5cb40a3b23b3265f6325727ddfc45141b08ed665458be8c6285e7b85bd73a1",
                "sha256:fec866a0b59f372b7e776f2d7308511784dace622e0992a0b59ea3ccee0ae833"
            ],
            "markers": "python_full_version >= '3.6.1'",
            "version": "==1.8.2"
        },
        "pymongo": {
            "hashes": [
                "sha256:0407a985a052477127fbb94132508a3d14296ec026b1e6570695b99e88046dc0",
                "sha256:042cae6b624fef2514afedd6ad769ebe7dc043a5bc6abd23b563761efbdee1d1",
                "sha256:047355718484e35c72bb64781b36b6a88259597b6746da3f6d705fb1e689105b",
                "sha256:0631a6f2208d20adf78b0b3b92e4cfd18bd6ced0bcceebaf5e60905da3b3fb63",
                "sha256:0ca48d0f92523d894d7dfa1d4f197a60f7bb363d23108809a67df1a9a61ffc18",
                "sha256:0f8406991e2d4559e2949d4f6ff0b4b6c0015589921087e3406733c693ccc415",
                "sha256:117cd5416fe2b327f9ad717675d14ac60c41a4ef1e996b9b4bedbcea7d529711",
                "sha256:12c9c72e7e709592cf7a426b72560f7e93b21c2a7ae006c78f67b0589650b803",
                "sha256:13889d7e92404a176ceb62a27b41122bf88a47ce25d34e51e2561597f0d5b1fc",
                "sha256:16a1d13d4af356f97d0944d7a081686f4498f8a6641ef5f28e3c4731ecbeb723",
                "sha256:196bf22e2a659bd295eb3fea291cd0af889790d623cfe3fbbe73d61042101f1c",
                "sha256:1cc38077c2c6ed4bc5008b22d87e10d7485292f8f839ff5b43399bfc97b4c0b8",
                "sha256:1db1c610656436514e7809f9cb36050fc7a86cc6c3246d72c1e272108ebf0fc6",
                "sha256:1e2bfee898b430437b8db7a7ccc5b922db7268019a1b30eff51df16cd31c78aa",
                "sha256:1e5f7b8ca288cb9fec03be1e2ccb392272458bf4a25d2cdf821968caed4ff29a",
                "sha256:2a181ba186cf20cbadc19a7e1b31d28b4b8e8804e7f31ec826b6fdc896a5ccd6",
                "sha256:2aae55a1eb7ede1a409e7f5705db03d2c8ff15a11da7fc32db0e6de4c395cfba",
                "sha256:312217fe8a390980137b87b93d8bb44b83893c59839ada9bbaa493c15287fed6",
                "sha256:33e0800518d562936f8e9b0d76cb6614450ea157034245ab6a3a4afc45064a65",
                "sha256:3615d47a1e7f700df1f8772dddab1d2014b521d59026c782edce465ffecf9d40",
                "sha256:3873c8191efe2227ecd19e36bbe7dd5f9c3381524ea8ed6c3609e31054bfdb61",
                "sha256:387c435dc5575907f4a752d3c863d8beb1f57aa792d074c64f3c8c152a2120c2",
                "sha256:3c3b932989fa84b01c37fb5d2c958050a3502f8506fb5449e4a1600e55e30414",
                "sha256:3dd91e8c14057530a9445a4f905312603b1d5141d4eb2630c9b7b6e1405357f5",
                "sha256:3de57fbb829555cae99a90fbbb3abc22aadecf0c2b7939afebb4eb909c0d72f5",
                "sha256:409edd79362f93e39a7c8ee5ac174a0054012f7eb84cdd31185f22d25377f624",
                "sha256:40e970b7ceeef09ee96d31b35e294eef79ab3683c9211eb7854df9391cddb0c3",
                "sha256:42d4a5a4babb174d4e3106c90d98e8a457a9ade0af7f4f2a6fdb37282fec5dcc",
                "sha256:46e8beba730c11549007bb6ae2794dbd449ef8dea547bff594b683cdd05e5757",
                "sha256:471960f8c9f55e1518d0124d326b6952c69ed7ddd114f8bf200ed571d7486901",
                "sha256:477149f3df6fac400f368b850544a7dcc4c2fc5268adcc2dbb78144de1cbfac7",
                "sha256:47c674f40595b92bdffd6e2de127cec86e13418f05fcab51cc567430c3b2712f",
                "sha256:48b785a12d8c767ac63f3b1bd412fffb76c1daf6a89f712a3f68eb2845735163",
                "sha256:4b74430d01e03dc5fb530302d3ae86da4bdca1fa8f8fc6389bf167b44f882c34",
                "sha256:4d86b980bb5a9217c6d35da31f0a0c0e02064afb8d7423dc2a2ab68cc2aab6f7",
                "sha256:4dcacb05cc8f831e2137ff9fbbd1ac0e37964d0bb11f3b411945e55e42d794b2",
                "sha256:4e22e02923962c18718bf35bd9d76d5fedf42346f7f9522cd96754be3fba4ea4",
                "sha256:502557a0af2a9fbc062426fb585f5af0c27ed905601b698b14d868b6ec193639",
                "sha256:5337638862eb892582a1d199023cf7961168f8b4c2f3f5cd000114b4dee36de4",
                "sha256:53be412acb3d673a95f31a212ce2d5dd654dc763b81a1b28563d996812ad03af",
                "sha256:54423a3e15852cb5ae013c875132fabc87fef4c40ca956f97ee8eee2bb14576e",
                "sha256:54e9a0063a50c56ceb32c20a34c0cd403a502368c6d7fc79d928a479e7b18d1f",
                "sha256:55230225157c2c730cb76f6863b18954464e44a0b50e9619f7fa930c8658721c",
                "sha256:57015275e8c2d71c445aacfc6597692eef3c7aa43677d4fca0638190061f1360",
                "sha256:5b0832a1df13a103d0a54f8627decebd42c83218929bce8818202e8f3ac4acad",
                "sha256:6110d6ef86717928aa1179da81fc98633171c9c81afc348cb2745c11d2365b6e",
                "sha256:622090f65a74a53d99f1d04b66d5ec371fd5c69ee1e4cb1a91963a7915e48456",
                "sha256:64ea5e97fca1a37f83df9f3460bf63640bc0d725e12f3471e6acbf3a6040dd37",
                "sha256:6645aa9e5297e7bdd40d5f7e4821290e1011e0dff3829ba0737666ea16ac7654",
                "sha256:68965c7065c71f9a6202b677c0831a5e76f021ee195cb347475392b9b8e5008f",
                "sha256:6e061b6049f912dc64811031afdb8e7b7bc279b43893c877d29c092dd09345e5",
                "sha256:6f4a10454ca78467356c3b94dc7719bb31c01d9ea91aa7afed92f1e6aa6b77a1",
                "sha256:745bf27a7cd33ecf857430dee6f6f7b8ec13c9d61c1c599a76e61343f7a60417",
                "sha256:7592841a4dd74041d0875ae0420bf0af8bc170d65cd135a1c837069e9c1a52a5",
                "sha256:786b7d3ab9abc992e67eef358cf875c2334a8cfc02592c80062bd982742e4129",
                "sha256:7b5dd978a9ac399a1789f57818e8cf5187ee2a71886d7843ba33c29743b193be",
                "sha256:7bfb0512efaf066ad373d9dbd06af0478060b5f0a2528ab015d81426bab0dc38",
                "sha256:7c59c45644890150873665634466f8864d62a78979579758727897f9fa98570a",
                "sha256:8096336e567bd9e8a32a038f4efac5f2b3207d910f15832b01e6be8fb7faff26",
                "sha256:81c1eb7a2f19711023c82fdf9d1c5d94cd14e51af0b5d979d47d921a7719ac3e",
                "sha256:83c0cf43921b50126d66d02b708fc35a3e682eba77cb69bf66d5be1fadf8270a",
                "sha256:8570798dfd047dbee179f8567b431fcf03544f30748cb2a40c7fb638b3247f78",
                "sha256:86561901835a4294cf13616a828726c847a0c3ea57c4d8b2f3b85b0ebcd14737",
                "sha256:8966cb9f2b201dfbabdda17e1c1fe4d088f4b22fa4b74a2b19437babd0357b0d",
                "sha256:8b844acd05deff9d131f09211e18a2503d7e8beecf24923210afdf11c4299abb",
                "sha256:8c6a9b81ebac524e31fab03f2096362bb9dce34af2cecda008f16b5c921abf03",
                "sha256:8ffe1cee551d8ca5849c3ee98a08294687ab2339ac7a8e5bd4da4731b398b1e9",
                "sha256:92283813990ba873b1b1ed655985586fcb9f756b4998ca2fb216d2d0ffa6f3b1",
                "sha256:9542f748e1c2d0b014b62347e4a1fe13b7ee0103462d810ab84c6857be5fcb41",
                "sha256:9705ff2e2d97de98dd6ffa836305a8f29d343f81c2fa77b692e0fe14f30ea29c",
                "sha256:9cceec1120d86d81c5870294ebf1a611a1bc3da883322bad14aa9f30eb549bae",
                "sha256:9e731b263dca5293c6b16e9e7f1deec2039cc7ab31ed55fde632ac264b9a8c16",
                "sha256:9ed835835a4d14f675f2ecff584effd2f16e98be65340eb0b2b321296fc9d2f6",
                "sha256:9fd2e44011ff7cd4a72ce81e6950e608c00f96f9a7a24260311e3d590e6be361",
                "sha256:a6d4da81ace0fffdeef54a84ff9b9464b568e2ecde5808bed608198d575edbd3",
                "sha256:b15898447d967e6b3d3e09946bf4f93ee576cd12fc853bd6bf927e255717616a",
                "sha256:b87c10e72f01f0b2ca7cdb8be087fb858f8046e97f3fafac36629bf896b6436d",
                "sha256:b8e9cf0e10c1f547ac226bfa016b526e5cc3b2655911e5f957a9c804dd217371",
                "sha256:b948da6912f794ce15837c6b43f8fad1954e66a1fe84b81fbb8cf612d733bfdc",
                "sha256:c214bf8ff2a7dc75c2fcdf7a203f5e392fa1a823adcd0168e5b8e2aca8480c7a",
                "sha256:caa9d91a7b6d444659eb6d23bd0ee863f850193598577f9c242437edeac21039",
                "sha256:cbe82e361b8c4e0290c03ccdbd17163d197804467d6b29813495d09d6f36b4b3",
                "sha256:cccf25559fec7c492e48a89a788ab27652904958ede2aacca2249c2990aa3ff0",
                "sha256:cf30e08447cd879b381b8f60a9e88505a7aa107618504cbcd79eb4f0cab2b01e",
                "sha256:d2989e7de67f757ae271bee68104e6e51c5a34b0a34249f0a17914e13717579e",
                "sha256:d3ec5d3147b969d8092b6d129fa03de0a9538e243e07eb1f3b2d8e5f6e4edea0",
                "sha256:d6877b9dafcc1f87ebbd861b510392d8d2cc409e9716e56a35bbc8b3ae3a9002",
                "sha256:db647a5045db322de36eed0605056f3b010c24d896edabfc48fed2c37031ab1a",
                "sha256:dd30468648d8bf45a371dff0824908675bcf35d0015f23fe5cbb64031e0f1182",
                "sha256:df951114fad5ff0eefc2b3cd221eeeb0ed0b2be8b8c6309a0387bb8e1db7739a",
                "sha256:e039c7b2c185eddbd2ac4844f5d0ab802b2a1b77f3e426d0623d8f1cc140fd9e",
                "sha256:e41254b18271bf290a4bed31a289390889ec87fba7dd7d14afb6382293dad060",
                "sha256:e826c174bbd5426974defe4ce76065e48e52aa0933be37dee84f84b8d23609e8",
                "sha256:e9c6851832e25339eaa79c521ee54b81c20cd51ab3f18dab2ebd0500eaa17a79",
                "sha256:e9e78c737991a693e07175d47bf2845a61d360fbdf45ac1c62f4567836c3d871",
                "sha256:ede4710dee74a55df8caeda3ab93efe5999c2b37f84d27905d780487ff4ad99f",
                "sha256:eebe7b44d6481e09614e2726dd494a591af66063e360168264edb5ed22986303",
                "sha256:f1e42595ace57e863a4e935e316d02ec17f14aa54c171fc9f53f6e2def659bef",
                "sha256:f2479d5986ca3267b19249c3c63fc5c4dcc84024062f9f19338ed458f8bfcd91",
                "sha256:f3dd383c930aaee1bd3e467cff8628c156b8390fea99c2f9af658b9bbdf7b905",
                "sha256:f5c02f79825311f7c30ce59b0a01051504b5ba3eea4d3f0bf4c141b274a04f0d",
                "sha256:f6d43a27ac95144c67017aa7517b88ed5f022a2fb2b7f5986ad43ffad0064993",
                "sha256:f8fc6b060175eaf61637f6e4f2f2c89c9e99de6c58a389179afd21d65c9a497b",
                "sha256:f9cb5fff99c3ffe111dbc4509681b239272b0764e54537a3727d8b37fb9755de",
                "sha256:fb1d60798a7b3c67cc38ad9bbad9c2954490ab76373ad8c162ec31699ce18946",
                "sha256:fe22e7ed10241f22241a641434fb9ffef99c1d1f2c66a4d725f4b01bc26ca08d",
                "sha256:ff568200b3447a3d85c06212f225135f5fca3bb65f582fcac1a7a6aeeac6aa38"
            ],
            "version": "==3.12.2"
        },
        "python-jose": {
            "extras": [
                "cryptography"
            ],
            "hashes": [
                "sha256:55779b5e6ad599c6336191246e95eb2293a9ddebd555f796a65f838f07e5d78a",
                "sha256:9b1376b023f8b298536eedd47ae1089bcdb848f1535ab30555cd92002d78923a"
            ],
            "index": "pypi",
            "version": "==3.3.0"
        },
        "rsa": {
            "hashes": [
                "sha256:5c6bd9dc7a543b7fe4304a631f8a8a3b674e2bbfc49c2ae96200cdbe55df6b17",
                "sha256:95c5d300c4e879ee69708c428ba566c59478fd653cc3a22243eeb8ed846950bb"
            ],
            "markers": "python_version >= '3.6' and python_version < '4'",
            "version": "==4.8"
        },
        "six": {
            "hashes": [
                "sha256:1e61c37477a1626458e36f7b1d82aa5c9b094fa4802892072e49de9c60c4c926",
                "sha256:8abb2f1d86890a2dfb989f9a77cfcfd3e47c2a354b01111771326f8aa26e0254"
            ],
            "markers": "python_version >= '2.7' and python_version not in '3.0, 3.1, 3.2, 3.3'",
            "version": "==1.16.0"
        },
        "sniffio": {
            "hashes": [
                "sha256:471b71698eac1c2112a40ce2752bb2f4a4814c22a54a3eed3676bc0f5ca9f663",
                "sha256:c4666eecec1d3f50960c6bdf61ab7bc350648da6c126e3cf6898d8cd4ddcd3de"
            ],
            "markers": "python_version >= '3.5'",
            "version": "==1.2.0"
        },
        "starlette": {
            "hashes": [
                "sha256:38eb24bf705a2c317e15868e384c1b8a12ca396e5a3c3a003db7e667c43f939f",
                "sha256:e1904b5d0007aee24bdd3c43994be9b3b729f4f58e740200de1d623f8c3a8870"
            ],
            "markers": "python_version >= '3.6'",
            "version": "==0.16.0"
        },
        "typing-extensions": {
            "hashes": [
                "sha256:4ca091dea149f945ec56afb48dae714f21e8692ef22a395223bcd328961b6a0e",
                "sha256:7f001e5ac290a0c0401508864c7ec868be4e701886d5b573a9528ed3973d9d3b"
            ],
            "markers": "python_version >= '3.6'",
            "version": "==4.0.1"
        },
        "uvicorn": {
            "hashes": [
                "sha256:17f898c64c71a2640514d4089da2689e5db1ce5d4086c2d53699bf99513421c1",
                "sha256:d9a3c0dd1ca86728d3e235182683b4cf94cd53a867c288eaeca80ee781b2caff"
            ],
            "index": "pypi",
            "version": "==0.15.0"
        }
    },
    "develop": {}
}
